
Microsoft Visual Studio Solution File, Format Version 12.00
# Visual Studio Version 17
VisualStudioVersion = 17.7.34024.191
MinimumVisualStudioVersion = 10.0.40219.1
Project("{9A19103F-16F7-4668-BE54-9A1E7A4F7556}") = "PL", "PL\PL.csproj", "{68BC3CF1-1546-499C-9F71-BDD78B6C7445}"
EndProject
Project("{9A19103F-16F7-4668-BE54-9A1E7A4F7556}") = "ML", "ML\ML.csproj", "{D82A4F63-7344-46B8-919A-8558AC395B15}"
EndProject
Project("{9A19103F-16F7-4668-BE54-9A1E7A4F7556}") = "BL", "BL\BL.csproj", "{4BD988C9-A529-46CF-8C8C-6C3F18D5CC29}"
EndProject
Project("{9A19103F-16F7-4668-BE54-9A1E7A4F7556}") = "Web Api", "Web Api\Web Api.csproj", "{E8865B0B-9D6E-4BF8-A866-1D21F98F77C6}"
EndProject
Project("{FAE04EC0-301F-11D3-BF4B-00C04F79EFBC}") = "DL", "DL\DL.csproj", "{AD20D84F-6C70-4976-9722-B80585215B39}"
EndProject
Global
	GlobalSection(SolutionConfigurationPlatforms) = preSolution
		Debug|Any CPU = Debug|Any CPU
		Release|Any CPU = Release|Any CPU
	EndGlobalSection
	GlobalSection(ProjectConfigurationPlatforms) = postSolution
		{68BC3CF1-1546-499C-9F71-BDD78B6C7445}.Debug|Any CPU.ActiveCfg = Debug|Any CPU
		{68BC3CF1-1546-499C-9F71-BDD78B6C7445}.Debug|Any CPU.Build.0 = Debug|Any CPU
		{68BC3CF1-1546-499C-9F71-BDD78B6C7445}.Release|Any CPU.ActiveCfg = Release|Any CPU
		{68BC3CF1-1546-499C-9F71-BDD78B6C7445}.Release|Any CPU.Build.0 = Release|Any CPU
		{D82A4F63-7344-46B8-919A-8558AC395B15}.Debug|Any CPU.ActiveCfg = Debug|Any CPU
		{D82A4F63-7344-46B8-919A-8558AC395B15}.Debug|Any CPU.Build.0 = Debug|Any CPU
		{D82A4F63-7344-46B8-919A-8558AC395B15}.Release|Any CPU.ActiveCfg = Release|Any CPU
		{D82A4F63-7344-46B8-919A-8558AC395B15}.Release|Any CPU.Build.0 = Release|Any CPU
		{4BD988C9-A529-46CF-8C8C-6C3F18D5CC29}.Debug|Any CPU.ActiveCfg = Debug|Any CPU
		{4BD988C9-A529-46CF-8C8C-6C3F18D5CC29}.Debug|Any CPU.Build.0 = Debug|Any CPU
		{4BD988C9-A529-46CF-8C8C-6C3F18D5CC29}.Release|Any CPU.ActiveCfg = Release|Any CPU
		{4BD988C9-A529-46CF-8C8C-6C3F18D5CC29}.Release|Any CPU.Build.0 = Release|Any CPU
		{E8865B0B-9D6E-4BF8-A866-1D21F98F77C6}.Debug|Any CPU.ActiveCfg = Debug|Any CPU
		{E8865B0B-9D6E-4BF8-A866-1D21F98F77C6}.Debug|Any CPU.Build.0 = Debug|Any CPU
		{E8865B0B-9D6E-4BF8-A866-1D21F98F77C6}.Release|Any CPU.ActiveCfg = Release|Any CPU
		{E8865B0B-9D6E-4BF8-A866-1D21F98F77C6}.Release|Any CPU.Build.0 = Release|Any CPU
		{AD20D84F-6C70-4976-9722-B80585215B39}.Debug|Any CPU.ActiveCfg = Debug|Any CPU
		{AD20D84F-6C70-4976-9722-B80585215B39}.Debug|Any CPU.Build.0 = Debug|Any CPU
		{AD20D84F-6C70-4976-9722-B80585215B39}.Release|Any CPU.ActiveCfg = Release|Any CPU
		{AD20D84F-6C70-4976-9722-B80585215B39}.Release|Any CPU.Build.0 = Release|Any CPU
	EndGlobalSection
	GlobalSection(SolutionProperties) = preSolution
		HideSolutionNode = FALSE
	EndGlobalSection
	GlobalSection(ExtensibilityGlobals) = postSolution
		SolutionGuid = {D8DDBBBE-AB28-4E93-A580-53AED1A812EF}
	EndGlobalSection
EndGlobal
